
Microsoft Visual Studio Solution File, Format Version 12.00
# Visual Studio Version 16
VisualStudioVersion = 16.0.29728.190
MinimumVisualStudioVersion = 10.0.40219.1
Project("{FAE04EC0-301F-11D3-BF4B-00C04F79EFBC}") = "test", "test\test.csproj", "{8538EC1C-DF98-4D3F-B326-577939D25880}"
EndProject
Global
	GlobalSection(SolutionConfigurationPlatforms) = preSolution
		Debug|Any CPU = Debug|Any CPU
		Release|Any CPU = Release|Any CPU
	EndGlobalSection
	GlobalSection(ProjectConfigurationPlatforms) = postSolution
		{8538EC1C-DF98-4D3F-B326-577939D25880}.Debug|Any CPU.ActiveCfg = Debug|Any CPU
		{8538EC1C-DF98-4D3F-B326-577939D25880}.Debug|Any CPU.Build.0 = Debug|Any CPU
		{8538EC1C-DF98-4D3F-B326-577939D25880}.Release|Any CPU.ActiveCfg = Release|Any CPU
		{8538EC1C-DF98-4D3F-B326-577939D25880}.Release|Any CPU.Build.0 = Release|Any CPU
	EndGlobalSection
	GlobalSection(SolutionProperties) = preSolution
		HideSolutionNode = FALSE
	EndGlobalSection
	GlobalSection(ExtensibilityGlobals) = postSolution
		SolutionGuid = {6731AE12-FC4B-4954-98E7-7559B19C7C44}
	EndGlobalSection
EndGlobal
